
Microsoft Visual Studio Solution File, Format Version 12.00
# Visual Studio Version 16
VisualStudioVersion = 16.0.29509.3
MinimumVisualStudioVersion = 10.0.40219.1
Project("{FAE04EC0-301F-11D3-BF4B-00C04F79EFBC}") = "SistemaFacturacion", "SistemaFacturacion.csproj", "{556FB9D5-4AA7-4AEB-8269-8722DB1F3BDD}"
EndProject
Global
	GlobalSection(SolutionConfigurationPlatforms) = preSolution
		Debug|Any CPU = Debug|Any CPU
		Release|Any CPU = Release|Any CPU
	EndGlobalSection
	GlobalSection(ProjectConfigurationPlatforms) = postSolution
		{556FB9D5-4AA7-4AEB-8269-8722DB1F3BDD}.Debug|Any CPU.ActiveCfg = Debug|Any CPU
		{556FB9D5-4AA7-4AEB-8269-8722DB1F3BDD}.Debug|Any CPU.Build.0 = Debug|Any CPU
		{556FB9D5-4AA7-4AEB-8269-8722DB1F3BDD}.Release|Any CPU.ActiveCfg = Release|Any CPU
		{556FB9D5-4AA7-4AEB-8269-8722DB1F3BDD}.Release|Any CPU.Build.0 = Release|Any CPU
	EndGlobalSection
	GlobalSection(SolutionProperties) = preSolution
		HideSolutionNode = FALSE
	EndGlobalSection
	GlobalSection(ExtensibilityGlobals) = postSolution
		SolutionGuid = {A1439DDD-B369-43AC-9ECD-3DF23483735F}
	EndGlobalSection
EndGlobal
